
Microsoft Visual Studio Solution File, Format Version 12.00
# Visual Studio Version 16
VisualStudioVersion = 16.0.31702.278
MinimumVisualStudioVersion = 10.0.40219.1
Project("{FAE04EC0-301F-11D3-BF4B-00C04F79EFBC}") = "DioSeriesLib", "DioSeriesLib.csproj", "{436A0DA2-CE25-46C8-B7AD-A5423B3D36E0}"
EndProject
Global
	GlobalSection(SolutionConfigurationPlatforms) = preSolution
		Debug|Any CPU = Debug|Any CPU
		Release|Any CPU = Release|Any CPU
	EndGlobalSection
	GlobalSection(ProjectConfigurationPlatforms) = postSolution
		{436A0DA2-CE25-46C8-B7AD-A5423B3D36E0}.Debug|Any CPU.ActiveCfg = Debug|Any CPU
		{436A0DA2-CE25-46C8-B7AD-A5423B3D36E0}.Debug|Any CPU.Build.0 = Debug|Any CPU
		{436A0DA2-CE25-46C8-B7AD-A5423B3D36E0}.Release|Any CPU.ActiveCfg = Release|Any CPU
		{436A0DA2-CE25-46C8-B7AD-A5423B3D36E0}.Release|Any CPU.Build.0 = Release|Any CPU
	EndGlobalSection
	GlobalSection(SolutionProperties) = preSolution
		HideSolutionNode = FALSE
	EndGlobalSection
	GlobalSection(ExtensibilityGlobals) = postSolution
		SolutionGuid = {6765CED6-E41F-452D-A45A-57EF1BEA9637}
	EndGlobalSection
EndGlobal
